
Microsoft Visual Studio Solution File, Format Version 12.00
# Visual Studio Version 16
VisualStudioVersion = 16.0.30320.27
MinimumVisualStudioVersion = 10.0.40219.1
Project("{9A19103F-16F7-4668-BE54-9A1E7A4F7556}") = "Alvianda-AI-Dashboard", "Alvianda.AI.Dashboard\Alvianda-AI-Dashboard.csproj", "{CBBA8BFD-BE3C-47EC-876C-841DDA0BF2CE}"
EndProject
Project("{9A19103F-16F7-4668-BE54-9A1E7A4F7556}") = "Alvianda-AI-Service-Net", "Alvianda.AI.Service.NET\Alvianda-AI-Service-Net.csproj", "{7264D798-7BAB-45CB-B0D1-0AD0D71774F5}"
EndProject
Project("{888888A0-9F3D-457C-B088-3A5042F75D52}") = "Alvianda-AI-Service-Python", "Alvianda.AI.Service.Python\Alvianda-AI-Service-Python.pyproj", "{A7A31FFA-32C2-4EBE-AAAD-654028F2E38E}"
EndProject
Project("{FAE04EC0-301F-11D3-BF4B-00C04F79EFBC}") = "UnitTestProject", "UnitTestProject\UnitTestProject.csproj", "{3F9F1441-98B3-4FEF-A141-38A11EF8A403}"
EndProject
Global
	GlobalSection(SolutionConfigurationPlatforms) = preSolution
		Debug|Any CPU = Debug|Any CPU
		Release|Any CPU = Release|Any CPU
	EndGlobalSection
	GlobalSection(ProjectConfigurationPlatforms) = postSolution
		{CBBA8BFD-BE3C-47EC-876C-841DDA0BF2CE}.Debug|Any CPU.ActiveCfg = Debug|Any CPU
		{CBBA8BFD-BE3C-47EC-876C-841DDA0BF2CE}.Debug|Any CPU.Build.0 = Debug|Any CPU
		{CBBA8BFD-BE3C-47EC-876C-841DDA0BF2CE}.Release|Any CPU.ActiveCfg = Release|Any CPU
		{CBBA8BFD-BE3C-47EC-876C-841DDA0BF2CE}.Release|Any CPU.Build.0 = Release|Any CPU
		{7264D798-7BAB-45CB-B0D1-0AD0D71774F5}.Debug|Any CPU.ActiveCfg = Debug|Any CPU
		{7264D798-7BAB-45CB-B0D1-0AD0D71774F5}.Debug|Any CPU.Build.0 = Debug|Any CPU
		{7264D798-7BAB-45CB-B0D1-0AD0D71774F5}.Release|Any CPU.ActiveCfg = Release|Any CPU
		{7264D798-7BAB-45CB-B0D1-0AD0D71774F5}.Release|Any CPU.Build.0 = Release|Any CPU
		{A7A31FFA-32C2-4EBE-AAAD-654028F2E38E}.Debug|Any CPU.ActiveCfg = Debug|Any CPU
		{A7A31FFA-32C2-4EBE-AAAD-654028F2E38E}.Debug|Any CPU.Build.0 = Debug|Any CPU
		{A7A31FFA-32C2-4EBE-AAAD-654028F2E38E}.Release|Any CPU.ActiveCfg = Release|Any CPU
		{A7A31FFA-32C2-4EBE-AAAD-654028F2E38E}.Release|Any CPU.Build.0 = Release|Any CPU
		{3F9F1441-98B3-4FEF-A141-38A11EF8A403}.Debug|Any CPU.ActiveCfg = Debug|Any CPU
		{3F9F1441-98B3-4FEF-A141-38A11EF8A403}.Debug|Any CPU.Build.0 = Debug|Any CPU
		{3F9F1441-98B3-4FEF-A141-38A11EF8A403}.Release|Any CPU.ActiveCfg = Release|Any CPU
		{3F9F1441-98B3-4FEF-A141-38A11EF8A403}.Release|Any CPU.Build.0 = Release|Any CPU
	EndGlobalSection
	GlobalSection(SolutionProperties) = preSolution
		HideSolutionNode = FALSE
	EndGlobalSection
	GlobalSection(ExtensibilityGlobals) = postSolution
		SolutionGuid = {BEA23C8B-6FBC-413F-B8B0-27C74E15FC62}
	EndGlobalSection
EndGlobal
